
Microsoft Visual Studio Solution File, Format Version 12.00
# Visual Studio 2012
# SharpDevelop 5.1
VisualStudioVersion = 12.0.20827.3
MinimumVisualStudioVersion = 10.0.40219.1
Project("{FAE04EC0-301F-11D3-BF4B-00C04F79EFBC}") = "cs-telnet", "cs-telnet\cs-telnet.csproj", "{07100160-643A-4CC5-A9B0-10FCB4B4B121}"
EndProject
Project("{FAE04EC0-301F-11D3-BF4B-00C04F79EFBC}") = "cs-telnet-testserver", "cs-telnet-testserver\cs-telnet-testserver.csproj", "{C0EA740C-70DD-47CE-8DBF-B10862642C08}"
EndProject
Global
	GlobalSection(SolutionConfigurationPlatforms) = preSolution
		Debug|Any CPU = Debug|Any CPU
		Release|Any CPU = Release|Any CPU
	EndGlobalSection
	GlobalSection(ProjectConfigurationPlatforms) = postSolution
		{07100160-643A-4CC5-A9B0-10FCB4B4B121}.Debug|Any CPU.ActiveCfg = Debug|Any CPU
		{07100160-643A-4CC5-A9B0-10FCB4B4B121}.Debug|Any CPU.Build.0 = Debug|Any CPU
		{07100160-643A-4CC5-A9B0-10FCB4B4B121}.Release|Any CPU.ActiveCfg = Release|Any CPU
		{07100160-643A-4CC5-A9B0-10FCB4B4B121}.Release|Any CPU.Build.0 = Release|Any CPU
		{C0EA740C-70DD-47CE-8DBF-B10862642C08}.Debug|Any CPU.ActiveCfg = Debug|Any CPU
		{C0EA740C-70DD-47CE-8DBF-B10862642C08}.Debug|Any CPU.Build.0 = Debug|Any CPU
		{C0EA740C-70DD-47CE-8DBF-B10862642C08}.Release|Any CPU.ActiveCfg = Release|Any CPU
		{C0EA740C-70DD-47CE-8DBF-B10862642C08}.Release|Any CPU.Build.0 = Release|Any CPU
	EndGlobalSection
EndGlobal
